<?xml version="1.0" encoding="utf-8"?>
<Project ToolsVersion="4.0" xmlns="http://schemas.microsoft.com/developer/msbuild/2003">
  <ItemGroup>
    <Filter Include="Source Files">
      <UniqueIdentifier>{4FC737F1-C7A5-4376-A066-2A32D752A2FF}</UniqueIdentifier>
      <Extensions>cpp;c;cc;cxx;def;odl;idl;hpj;bat;asm;asmx</Extensions>
    </Filter>
    <Filter Include="Header Files">
      <UniqueIdentifier>{93995380-89BD-4b04-88EB-625FBE52EBFB}</UniqueIdentifier>
      <Extensions>h;hh;hpp;hxx;hm;inl;inc;ipp;xsd</Extensions>
    </Filter>
    <Filter Include="Resource Files">
      <UniqueIdentifier>{67DA6AB6-F800-4c08-8B7A-83BB121AAD01}</UniqueIdentifier>
      <Extensions>rc;ico;cur;bmp;dlg;rc2;rct;bin;rgs;gif;jpg;jpeg;jpe;resx;tiff;tif;png;wav;mfcribbon-ms</Extensions>
    </Filter>
    <Filter Include="Resource Files\music">
      <UniqueIdentifier>{a59d443e-28e1-4263-91bf-68bb58c69d40}</UniqueIdentifier>
    </Filter>
    <Filter Include="Resource Files\imagens">
      <UniqueIdentifier>{a4b15d66-ea6a-4118-a7f6-b1a7cdbefad6}</UniqueIdentifier>
    </Filter>
  </ItemGroup>
  <ItemGroup>
    <ClCompile Include="Tetris Game.cpp">
      <Filter>Source Files</Filter>
    </ClCompile>
    <ClCompile Include="MetodosPilha.cpp">
      <Filter>Source Files</Filter>
    </ClCompile>
    <ClCompile Include="MetodosFila.cpp">
      <Filter>Source Files</Filter>
    </ClCompile>
  </ItemGroup>
  <ItemGroup>
    <ClInclude Include="StructFila.h">
      <Filter>Source Files</Filter>
    </ClInclude>
    <ClInclude Include="pilha.h">
      <Filter>Source Files</Filter>
    </ClInclude>
    <ClInclude Include="StructPilha.h">
      <Filter>Source Files</Filter>
    </ClInclude>
    <ClInclude Include="fila.h">
      <Filter>Source Files</Filter>
    </ClInclude>
    <ClInclude Include="resource.h">
      <Filter>Header Files</Filter>
    </ClInclude>
    <ClInclude Include="resource1.h">
      <Filter>Header Files</Filter>
    </ClInclude>
  </ItemGroup>
  <ItemGroup>
    <Image Include="images\background.png">
      <Filter>Resource Files\imagens</Filter>
    </Image>
    <Image Include="images\crianca.png">
      <Filter>Resource Files\imagens</Filter>
    </Image>
    <Image Include="images\inicio.png">
      <Filter>Resource Files\imagens</Filter>
    </Image>
    <Image Include="images\perdeu.png">
      <Filter>Resource Files\imagens</Filter>
    </Image>
    <Image Include="images\tiles.png">
      <Filter>Resource Files\imagens</Filter>
    </Image>
    <Image Include="images\icone.ico">
      <Filter>Resource Files</Filter>
    </Image>
  </ItemGroup>
  <ItemGroup>
    <None Include="Music\BRABA.ogg">
      <Filter>Resource Files\music</Filter>
    </None>
  </ItemGroup>
  <ItemGroup>
    <ResourceCompile Include="Tetris Game1.rc">
      <Filter>Resource Files</Filter>
    </ResourceCompile>
  </ItemGroup>
</Project>